
Microsoft Visual Studio Solution File, Format Version 12.00
# Visual Studio Version 17
VisualStudioVersion = 17.10.35122.118
MinimumVisualStudioVersion = 10.0.40219.1
Project("{2150E333-8FDC-42A3-9474-1A3956D46DE8}") = "src", "src", "{8CEE6A83-D699-44F0-9492-AFB871032C34}"
EndProject
Project("{FAE04EC0-301F-11D3-BF4B-00C04F79EFBC}") = "AnandTest", "AnandTest\AnandTest.csproj", "{11652FE2-A800-426F-8E92-53DC07E2DD1A}"
EndProject
Global
	GlobalSection(SolutionConfigurationPlatforms) = preSolution
		Debug|Any CPU = Debug|Any CPU
		Release|Any CPU = Release|Any CPU
	EndGlobalSection
	GlobalSection(ProjectConfigurationPlatforms) = postSolution
		{11652FE2-A800-426F-8E92-53DC07E2DD1A}.Debug|Any CPU.ActiveCfg = Debug|Any CPU
		{11652FE2-A800-426F-8E92-53DC07E2DD1A}.Debug|Any CPU.Build.0 = Debug|Any CPU
		{11652FE2-A800-426F-8E92-53DC07E2DD1A}.Release|Any CPU.ActiveCfg = Release|Any CPU
		{11652FE2-A800-426F-8E92-53DC07E2DD1A}.Release|Any CPU.Build.0 = Release|Any CPU
	EndGlobalSection
	GlobalSection(SolutionProperties) = preSolution
		HideSolutionNode = FALSE
	EndGlobalSection
	GlobalSection(NestedProjects) = preSolution
		{11652FE2-A800-426F-8E92-53DC07E2DD1A} = {8CEE6A83-D699-44F0-9492-AFB871032C34}
	EndGlobalSection
	GlobalSection(ExtensibilityGlobals) = postSolution
		SolutionGuid = {B5C16F54-1738-41BB-B99A-7EADE42DCD43}
	EndGlobalSection
EndGlobal
